// !$*UTF8*$!
{
	archiveVersion = 1;
	classes = {
	};
	objectVersion = 48;
	objects = {

/* Begin PBXBuildFile section */
		2DDE6045313913C2017B7911 /* Pods_ResQ_Center.framework in Frameworks */ = {isa = PBXBuildFile; fileRef = 9A365E5FD46263A74539943F /* Pods_ResQ_Center.framework */; };
		695ED4FA1F56497F006785E8 /* FirebaseManager.swift in Sources */ = {isa = PBXBuildFile; fileRef = 695ED4F91F56497F006785E8 /* FirebaseManager.swift */; };
		695ED4FD1F5662BF006785E8 /* User.swift in Sources */ = {isa = PBXBuildFile; fileRef = 695ED4FC1F5662BF006785E8 /* User.swift */; };
		695ED4FF1F566CC0006785E8 /* Area.swift in Sources */ = {isa = PBXBuildFile; fileRef = 695ED4FE1F566CC0006785E8 /* Area.swift */; };
		69AE397D1F5672CE00AA5D90 /* GoogleService-Info.plist in Resources */ = {isa = PBXBuildFile; fileRef = 69AE397C1F5672CE00AA5D90 /* GoogleService-Info.plist */; };
		EA4DB3751F55F41000D209FB /* AppDelegate.swift in Sources */ = {isa = PBXBuildFile; fileRef = EA4DB3741F55F41000D209FB /* AppDelegate.swift */; };
		EA4DB3771F55F41000D209FB /* HomeViewController.swift in Sources */ = {isa = PBXBuildFile; fileRef = EA4DB3761F55F41000D209FB /* HomeViewController.swift */; };
		EA4DB37A1F55F41000D209FB /* Main.storyboard in Resources */ = {isa = PBXBuildFile; fileRef = EA4DB3781F55F41000D209FB /* Main.storyboard */; };
		EA4DB37C1F55F41000D209FB /* Assets.xcassets in Resources */ = {isa = PBXBuildFile; fileRef = EA4DB37B1F55F41000D209FB /* Assets.xcassets */; };
		EA4DB37F1F55F41000D209FB /* LaunchScreen.storyboard in Resources */ = {isa = PBXBuildFile; fileRef = EA4DB37D1F55F41000D209FB /* LaunchScreen.storyboard */; };
		EA4DB3891F55F99300D209FB /* RequestsMapViewController.swift in Sources */ = {isa = PBXBuildFile; fileRef = EA4DB3881F55F99300D209FB /* RequestsMapViewController.swift */; };
/* End PBXBuildFile section */

/* Begin PBXFileReference section */
		1A90124657B036E0C9ED0603 /* Pods-ResQ Center.debug.xcconfig */ = {isa = PBXFileReference; includeInIndex = 1; lastKnownFileType = text.xcconfig; name = "Pods-ResQ Center.debug.xcconfig"; path = "Pods/Target Support Files/Pods-ResQ Center/Pods-ResQ Center.debug.xcconfig"; sourceTree = "<group>"; };
		695ED4F91F56497F006785E8 /* FirebaseManager.swift */ = {isa = PBXFileReference; fileEncoding = 4; lastKnownFileType = sourcecode.swift; path = FirebaseManager.swift; sourceTree = "<group>"; };
		695ED4FC1F5662BF006785E8 /* User.swift */ = {isa = PBXFileReference; fileEncoding = 4; lastKnownFileType = sourcecode.swift; path = User.swift; sourceTree = "<group>"; };
		695ED4FE1F566CC0006785E8 /* Area.swift */ = {isa = PBXFileReference; fileEncoding = 4; lastKnownFileType = sourcecode.swift; path = Area.swift; sourceTree = "<group>"; };
		69AE397C1F5672CE00AA5D90 /* GoogleService-Info.plist */ = {isa = PBXFileReference; fileEncoding = 4; lastKnownFileType = text.plist.xml; path = "GoogleService-Info.plist"; sourceTree = "<group>"; };
		9A365E5FD46263A74539943F /* Pods_ResQ_Center.framework */ = {isa = PBXFileReference; explicitFileType = wrapper.framework; includeInIndex = 0; path = Pods_ResQ_Center.framework; sourceTree = BUILT_PRODUCTS_DIR; };
		EA4DB3711F55F41000D209FB /* ResQ Center.app */ = {isa = PBXFileReference; explicitFileType = wrapper.application; includeInIndex = 0; path = "ResQ Center.app"; sourceTree = BUILT_PRODUCTS_DIR; };
		EA4DB3741F55F41000D209FB /* AppDelegate.swift */ = {isa = PBXFileReference; lastKnownFileType = sourcecode.swift; path = AppDelegate.swift; sourceTree = "<group>"; };
		EA4DB3761F55F41000D209FB /* HomeViewController.swift */ = {isa = PBXFileReference; lastKnownFileType = sourcecode.swift; path = HomeViewController.swift; sourceTree = "<group>"; };
		EA4DB3791F55F41000D209FB /* Base */ = {isa = PBXFileReference; lastKnownFileType = file.storyboard; name = Base; path = Base.lproj/Main.storyboard; sourceTree = "<group>"; };
		EA4DB37B1F55F41000D209FB /* Assets.xcassets */ = {isa = PBXFileReference; lastKnownFileType = folder.assetcatalog; path = Assets.xcassets; sourceTree = "<group>"; };
		EA4DB37E1F55F41000D209FB /* Base */ = {isa = PBXFileReference; lastKnownFileType = file.storyboard; name = Base; path = Base.lproj/LaunchScreen.storyboard; sourceTree = "<group>"; };
		EA4DB3801F55F41000D209FB /* Info.plist */ = {isa = PBXFileReference; lastKnownFileType = text.plist.xml; path = Info.plist; sourceTree = "<group>"; };
		EA4DB3881F55F99300D209FB /* RequestsMapViewController.swift */ = {isa = PBXFileReference; lastKnownFileType = sourcecode.swift; path = RequestsMapViewController.swift; sourceTree = "<group>"; };
		FDEA7FCC36364FFE27178B2C /* Pods-ResQ Center.release.xcconfig */ = {isa = PBXFileReference; includeInIndex = 1; lastKnownFileType = text.xcconfig; name = "Pods-ResQ Center.release.xcconfig"; path = "Pods/Target Support Files/Pods-ResQ Center/Pods-ResQ Center.release.xcconfig"; sourceTree = "<group>"; };
/* End PBXFileReference section */

/* Begin PBXFrameworksBuildPhase section */
		EA4DB36E1F55F41000D209FB /* Frameworks */ = {
			isa = PBXFrameworksBuildPhase;
			buildActionMask = 2147483647;
			files = (
				2DDE6045313913C2017B7911 /* Pods_ResQ_Center.framework in Frameworks */,
			);
			runOnlyForDeploymentPostprocessing = 0;
		};
/* End PBXFrameworksBuildPhase section */

/* Begin PBXGroup section */
		0A72372A93445275D5CBA881 /* Frameworks */ = {
			isa = PBXGroup;
			children = (
				9A365E5FD46263A74539943F /* Pods_ResQ_Center.framework */,
			);
			name = Frameworks;
			sourceTree = "<group>";
		};
		6256D2CEC6FAAECC9D7E5C31 /* Pods */ = {
			isa = PBXGroup;
			children = (
				1A90124657B036E0C9ED0603 /* Pods-ResQ Center.debug.xcconfig */,
				FDEA7FCC36364FFE27178B2C /* Pods-ResQ Center.release.xcconfig */,
			);
			name = Pods;
			sourceTree = "<group>";
		};
		695ED4FB1F56627B006785E8 /* Model */ = {
			isa = PBXGroup;
			children = (
				695ED4FC1F5662BF006785E8 /* User.swift */,
				695ED4FE1F566CC0006785E8 /* Area.swift */,
			);
			name = Model;
			sourceTree = "<group>";
		};
		EA4DB3681F55F41000D209FB = {
			isa = PBXGroup;
			children = (
				EA4DB3731F55F41000D209FB /* ResQ Center */,
				EA4DB3721F55F41000D209FB /* Products */,
				6256D2CEC6FAAECC9D7E5C31 /* Pods */,
				0A72372A93445275D5CBA881 /* Frameworks */,
			);
			sourceTree = "<group>";
		};
		EA4DB3721F55F41000D209FB /* Products */ = {
			isa = PBXGroup;
			children = (
				EA4DB3711F55F41000D209FB /* ResQ Center.app */,
			);
			name = Products;
			sourceTree = "<group>";
		};
		EA4DB3731F55F41000D209FB /* ResQ Center */ = {
			isa = PBXGroup;
			children = (
				695ED4FB1F56627B006785E8 /* Model */,
				EA4DB3741F55F41000D209FB /* AppDelegate.swift */,
				EA4DB3761F55F41000D209FB /* HomeViewController.swift */,
				EA4DB3781F55F41000D209FB /* Main.storyboard */,
				EA4DB37B1F55F41000D209FB /* Assets.xcassets */,
				EA4DB37D1F55F41000D209FB /* LaunchScreen.storyboard */,
				EA4DB3801F55F41000D209FB /* Info.plist */,
				EA4DB3881F55F99300D209FB /* RequestsMapViewController.swift */,
				695ED4F91F56497F006785E8 /* FirebaseManager.swift */,
				69AE397C1F5672CE00AA5D90 /* GoogleService-Info.plist */,
			);
			path = "ResQ Center";
			sourceTree = "<group>";
		};
/* End PBXGroup section */

/* Begin PBXNativeTarget section */
		EA4DB3701F55F41000D209FB /* ResQ Center */ = {
			isa = PBXNativeTarget;
			buildConfigurationList = EA4DB3831F55F41000D209FB /* Build configuration list for PBXNativeTarget "ResQ Center" */;
			buildPhases = (
				6A455C035E1F2B6B5DB07D0F /* [CP] Check Pods Manifest.lock */,
				EA4DB36D1F55F41000D209FB /* Sources */,
				EA4DB36E1F55F41000D209FB /* Frameworks */,
				EA4DB36F1F55F41000D209FB /* Resources */,
				430BDA733B4663A23D1D70D2 /* [CP] Embed Pods Frameworks */,
				4B2FE1818F1447882C85351B /* [CP] Copy Pods Resources */,
			);
			buildRules = (
			);
			dependencies = (
			);
			name = "ResQ Center";
			productName = "ResQ Center";
			productReference = EA4DB3711F55F41000D209FB /* ResQ Center.app */;
			productType = "com.apple.product-type.application";
		};
/* End PBXNativeTarget section */

/* Begin PBXProject section */
		EA4DB3691F55F41000D209FB /* Project object */ = {
			isa = PBXProject;
			attributes = {
				LastSwiftUpdateCheck = 0900;
				LastUpgradeCheck = 0900;
				ORGANIZATIONNAME = rajeejones;
				TargetAttributes = {
					EA4DB3701F55F41000D209FB = {
						CreatedOnToolsVersion = 9.0;
						ProvisioningStyle = Automatic;
					};
				};
			};
			buildConfigurationList = EA4DB36C1F55F41000D209FB /* Build configuration list for PBXProject "ResQ Center" */;
			compatibilityVersion = "Xcode 8.0";
			developmentRegion = en;
			hasScannedForEncodings = 0;
			knownRegions = (
				en,
				Base,
			);
			mainGroup = EA4DB3681F55F41000D209FB;
			productRefGroup = EA4DB3721F55F41000D209FB /* Products */;
			projectDirPath = "";
			projectRoot = "";
			targets = (
				EA4DB3701F55F41000D209FB /* ResQ Center */,
			);
		};
/* End PBXProject section */

/* Begin PBXResourcesBuildPhase section */
		EA4DB36F1F55F41000D209FB /* Resources */ = {
			isa = PBXResourcesBuildPhase;
			buildActionMask = 2147483647;
			files = (
				EA4DB37F1F55F41000D209FB /* LaunchScreen.storyboard in Resources */,
				69AE397D1F5672CE00AA5D90 /* GoogleService-Info.plist in Resources */,
				EA4DB37C1F55F41000D209FB /* Assets.xcassets in Resources */,
				EA4DB37A1F55F41000D209FB /* Main.storyboard in Resources */,
			);
			runOnlyForDeploymentPostprocessing = 0;
		};
/* End PBXResourcesBuildPhase section */

/* Begin PBXShellScriptBuildPhase section */
		430BDA733B4663A23D1D70D2 /* [CP] Embed Pods Frameworks */ = {
			isa = PBXShellScriptBuildPhase;
			buildActionMask = 2147483647;
			files = (
			);
			inputPaths = (
				"${SRCROOT}/Pods/Target Support Files/Pods-ResQ Center/Pods-ResQ Center-frameworks.sh",
				"${BUILT_PRODUCTS_DIR}/GTMSessionFetcher/GTMSessionFetcher.framework",
				"${BUILT_PRODUCTS_DIR}/GoogleToolboxForMac/GoogleToolboxForMac.framework",
				"${BUILT_PRODUCTS_DIR}/ObjectMapper/ObjectMapper.framework",
				"${BUILT_PRODUCTS_DIR}/nanopb/nanopb.framework",
			);
			name = "[CP] Embed Pods Frameworks";
			outputPaths = (
				"${TARGET_BUILD_DIR}/${FRAMEWORKS_FOLDER_PATH}/GTMSessionFetcher.framework",
				"${TARGET_BUILD_DIR}/${FRAMEWORKS_FOLDER_PATH}/GoogleToolboxForMac.framework",
				"${TARGET_BUILD_DIR}/${FRAMEWORKS_FOLDER_PATH}/ObjectMapper.framework",
				"${TARGET_BUILD_DIR}/${FRAMEWORKS_FOLDER_PATH}/nanopb.framework",
			);
			runOnlyForDeploymentPostprocessing = 0;
			shellPath = /bin/sh;
			shellScript = "\"${SRCROOT}/Pods/Target Support Files/Pods-ResQ Center/Pods-ResQ Center-frameworks.sh\"\n";
			showEnvVarsInLog = 0;
		};
		4B2FE1818F1447882C85351B /* [CP] Copy Pods Resources */ = {
			isa = PBXShellScriptBuildPhase;
			buildActionMask = 2147483647;
			files = (
			);
			inputPaths = (
				"${SRCROOT}/Pods/Target Support Files/Pods-ResQ Center/Pods-ResQ Center-resources.sh",
				"${PODS_ROOT}/GoogleMaps/Maps/Frameworks/GoogleMaps.framework/Resources/GoogleMaps.bundle",
				"${PODS_ROOT}/GooglePlaces/Frameworks/GooglePlaces.framework/Resources/GooglePlaces.bundle",
			);
			name = "[CP] Copy Pods Resources";
			outputPaths = (
				"${TARGET_BUILD_DIR}/${UNLOCALIZED_RESOURCES_FOLDER_PATH}",
			);
			runOnlyForDeploymentPostprocessing = 0;
			shellPath = /bin/sh;
			shellScript = "\"${SRCROOT}/Pods/Target Support Files/Pods-ResQ Center/Pods-ResQ Center-resources.sh\"\n";
			showEnvVarsInLog = 0;
		};
		6A455C035E1F2B6B5DB07D0F /* [CP] Check Pods Manifest.lock */ = {
			isa = PBXShellScriptBuildPhase;
			buildActionMask = 2147483647;
			files = (
			);
			inputPaths = (
				"${PODS_PODFILE_DIR_PATH}/Podfile.lock",
				"${PODS_ROOT}/Manifest.lock",
			);
			name = "[CP] Check Pods Manifest.lock";
			outputPaths = (
				"$(DERIVED_FILE_DIR)/Pods-ResQ Center-checkManifestLockResult.txt",
			);
			runOnlyForDeploymentPostprocessing = 0;
			shellPath = /bin/sh;
			shellScript = "diff \"${PODS_PODFILE_DIR_PATH}/Podfile.lock\" \"${PODS_ROOT}/Manifest.lock\" > /dev/null\nif [ $? != 0 ] ; then\n    # print error to STDERR\n    echo \"error: The sandbox is not in sync with the Podfile.lock. Run 'pod install' or update your CocoaPods installation.\" >&2\n    exit 1\nfi\n# This output is used by Xcode 'outputs' to avoid re-running this script phase.\necho \"SUCCESS\" > \"${SCRIPT_OUTPUT_FILE_0}\"\n";
			showEnvVarsInLog = 0;
		};
/* End PBXShellScriptBuildPhase section */

/* Begin PBXSourcesBuildPhase section */
		EA4DB36D1F55F41000D209FB /* Sources */ = {
			isa = PBXSourcesBuildPhase;
			buildActionMask = 2147483647;
			files = (
				695ED4FA1F56497F006785E8 /* FirebaseManager.swift in Sources */,
				EA4DB3771F55F41000D209FB /* HomeViewController.swift in Sources */,
				EA4DB3751F55F41000D209FB /* AppDelegate.swift in Sources */,
				695ED4FD1F5662BF006785E8 /* User.swift in Sources */,
				695ED4FF1F566CC0006785E8 /* Area.swift in Sources */,
				EA4DB3891F55F99300D209FB /* RequestsMapViewController.swift in Sources */,
			);
			runOnlyForDeploymentPostprocessing = 0;
		};
/* End PBXSourcesBuildPhase section */

/* Begin PBXVariantGroup section */
		EA4DB3781F55F41000D209FB /* Main.storyboard */ = {
			isa = PBXVariantGroup;
			children = (
				EA4DB3791F55F41000D209FB /* Base */,
			);
			name = Main.storyboard;
			sourceTree = "<group>";
		};
		EA4DB37D1F55F41000D209FB /* LaunchScreen.storyboard */ = {
			isa = PBXVariantGroup;
			children = (
				EA4DB37E1F55F41000D209FB /* Base */,
			);
			name = LaunchScreen.storyboard;
			sourceTree = "<group>";
		};
/* End PBXVariantGroup section */

/* Begin XCBuildConfiguration section */
		EA4DB3811F55F41000D209FB /* Debug */ = {
			isa = XCBuildConfiguration;
			buildSettings = {
				ALWAYS_SEARCH_USER_PATHS = NO;
				CLANG_ANALYZER_NONNULL = YES;
				CLANG_ANALYZER_NUMBER_OBJECT_CONVERSION = YES_AGGRESSIVE;
				CLANG_CXX_LANGUAGE_STANDARD = "gnu++14";
				CLANG_CXX_LIBRARY = "libc++";
				CLANG_ENABLE_MODULES = YES;
				CLANG_ENABLE_OBJC_ARC = YES;
				CLANG_WARN_BLOCK_CAPTURE_AUTORELEASING = YES;
				CLANG_WARN_BOOL_CONVERSION = YES;
				CLANG_WARN_COMMA = YES;
				CLANG_WARN_CONSTANT_CONVERSION = YES;
				CLANG_WARN_DIRECT_OBJC_ISA_USAGE = YES_ERROR;
				CLANG_WARN_DOCUMENTATION_COMMENTS = YES;
				CLANG_WARN_EMPTY_BODY = YES;
				CLANG_WARN_ENUM_CONVERSION = YES;
				CLANG_WARN_INFINITE_RECURSION = YES;
				CLANG_WARN_INT_CONVERSION = YES;
				CLANG_WARN_NON_LITERAL_NULL_CONVERSION = YES;
				CLANG_WARN_OBJC_LITERAL_CONVERSION = YES;
				CLANG_WARN_OBJC_ROOT_CLASS = YES_ERROR;
				CLANG_WARN_RANGE_LOOP_ANALYSIS = YES;
				CLANG_WARN_STRICT_PROTOTYPES = YES;
				CLANG_WARN_SUSPICIOUS_MOVE = YES;
				CLANG_WARN_UNGUARDED_AVAILABILITY = YES_AGGRESSIVE;
				CLANG_WARN_UNREACHABLE_CODE = YES;
				CLANG_WARN__DUPLICATE_METHOD_MATCH = YES;
				CODE_SIGN_IDENTITY = "iPhone Developer";
				COPY_PHASE_STRIP = NO;
				DEBUG_INFORMATION_FORMAT = dwarf;
				ENABLE_STRICT_OBJC_MSGSEND = YES;
				ENABLE_TESTABILITY = YES;
				GCC_C_LANGUAGE_STANDARD = gnu11;
				GCC_DYNAMIC_NO_PIC = NO;
				GCC_NO_COMMON_BLOCKS = YES;
				GCC_OPTIMIZATION_LEVEL = 0;
				GCC_PREPROCESSOR_DEFINITIONS = (
					"DEBUG=1",
					"$(inherited)",
				);
				GCC_WARN_64_TO_32_BIT_CONVERSION = YES;
				GCC_WARN_ABOUT_RETURN_TYPE = YES_ERROR;
				GCC_WARN_UNDECLARED_SELECTOR = YES;
				GCC_WARN_UNINITIALIZED_AUTOS = YES_AGGRESSIVE;
				GCC_WARN_UNUSED_FUNCTION = YES;
				GCC_WARN_UNUSED_VARIABLE = YES;
				IPHONEOS_DEPLOYMENT_TARGET = 11.0;
				MTL_ENABLE_DEBUG_INFO = YES;
				ONLY_ACTIVE_ARCH = YES;
				SDKROOT = iphoneos;
				SWIFT_ACTIVE_COMPILATION_CONDITIONS = DEBUG;
				SWIFT_OPTIMIZATION_LEVEL = "-Onone";
			};
			name = Debug;
		};
		EA4DB3821F55F41000D209FB /* Release */ = {
			isa = XCBuildConfiguration;
			buildSettings = {
				ALWAYS_SEARCH_USER_PATHS = NO;
				CLANG_ANALYZER_NONNULL = YES;
				CLANG_ANALYZER_NUMBER_OBJECT_CONVERSION = YES_AGGRESSIVE;
				CLANG_CXX_LANGUAGE_STANDARD = "gnu++14";
				CLANG_CXX_LIBRARY = "libc++";
				CLANG_ENABLE_MODULES = YES;
				CLANG_ENABLE_OBJC_ARC = YES;
				CLANG_WARN_BLOCK_CAPTURE_AUTORELEASING = YES;
				CLANG_WARN_BOOL_CONVERSION = YES;
				CLANG_WARN_COMMA = YES;
				CLANG_WARN_CONSTANT_CONVERSION = YES;
				CLANG_WARN_DIRECT_OBJC_ISA_USAGE = YES_ERROR;
				CLANG_WARN_DOCUMENTATION_COMMENTS = YES;
				CLANG_WARN_EMPTY_BODY = YES;
				CLANG_WARN_ENUM_CONVERSION = YES;
				CLANG_WARN_INFINITE_RECURSION = YES;
				CLANG_WARN_INT_CONVERSION = YES;
				CLANG_WARN_NON_LITERAL_NULL_CONVERSION = YES;
				CLANG_WARN_OBJC_LITERAL_CONVERSION = YES;
				CLANG_WARN_OBJC_ROOT_CLASS = YES_ERROR;
				CLANG_WARN_RANGE_LOOP_ANALYSIS = YES;
				CLANG_WARN_STRICT_PROTOTYPES = YES;
				CLANG_WARN_SUSPICIOUS_MOVE = YES;
				CLANG_WARN_UNGUARDED_AVAILABILITY = YES_AGGRESSIVE;
				CLANG_WARN_UNREACHABLE_CODE = YES;
				CLANG_WARN__DUPLICATE_METHOD_MATCH = YES;
				CODE_SIGN_IDENTITY = "iPhone Developer";
				COPY_PHASE_STRIP = NO;
				DEBUG_INFORMATION_FORMAT = "dwarf-with-dsym";
				ENABLE_NS_ASSERTIONS = NO;
				ENABLE_STRICT_OBJC_MSGSEND = YES;
				GCC_C_LANGUAGE_STANDARD = gnu11;
				GCC_NO_COMMON_BLOCKS = YES;
				GCC_WARN_64_TO_32_BIT_CONVERSION = YES;
				GCC_WARN_ABOUT_RETURN_TYPE = YES_ERROR;
				GCC_WARN_UNDECLARED_SELECTOR = YES;
				GCC_WARN_UNINITIALIZED_AUTOS = YES_AGGRESSIVE;
				GCC_WARN_UNUSED_FUNCTION = YES;
				GCC_WARN_UNUSED_VARIABLE = YES;
				IPHONEOS_DEPLOYMENT_TARGET = 11.0;
				MTL_ENABLE_DEBUG_INFO = NO;
				SDKROOT = iphoneos;
				SWIFT_OPTIMIZATION_LEVEL = "-Owholemodule";
				VALIDATE_PRODUCT = YES;
			};
			name = Release;
		};
		EA4DB3841F55F41000D209FB /* Debug */ = {
			isa = XCBuildConfiguration;
			baseConfigurationReference = 1A90124657B036E0C9ED0603 /* Pods-ResQ Center.debug.xcconfig */;
			buildSettings = {
				ASSETCATALOG_COMPILER_APPICON_NAME = AppIcon;
				CODE_SIGN_STYLE = Automatic;
				DEVELOPMENT_TEAM = LNQ86AM2R8;
				INFOPLIST_FILE = "ResQ Center/Info.plist";
				IPHONEOS_DEPLOYMENT_TARGET = 9.0;
				LD_RUNPATH_SEARCH_PATHS = "$(inherited) @executable_path/Frameworks";
				PRODUCT_BUNDLE_IDENTIFIER = "com.rajeejones.ResQ-Center";
				PRODUCT_NAME = "$(TARGET_NAME)";
				SWIFT_VERSION = 3.0;
				TARGETED_DEVICE_FAMILY = "1,2";
			};
			name = Debug;
		};
		EA4DB3851F55F41000D209FB /* Release */ = {
			isa = XCBuildConfiguration;
			baseConfigurationReference = FDEA7FCC36364FFE27178B2C /* Pods-ResQ Center.release.xcconfig */;
			buildSettings = {
				ASSETCATALOG_COMPILER_APPICON_NAME = AppIcon;
				CODE_SIGN_STYLE = Automatic;
				DEVELOPMENT_TEAM = LNQ86AM2R8;
				INFOPLIST_FILE = "ResQ Center/Info.plist";
				IPHONEOS_DEPLOYMENT_TARGET = 9.0;
				LD_RUNPATH_SEARCH_PATHS = "$(inherited) @executable_path/Frameworks";
				PRODUCT_BUNDLE_IDENTIFIER = "com.rajeejones.ResQ-Center";
				PRODUCT_NAME = "$(TARGET_NAME)";
				SWIFT_VERSION = 3.0;
				TARGETED_DEVICE_FAMILY = "1,2";
			};
			name = Release;
		};
/* End XCBuildConfiguration section */

/* Begin XCConfigurationList section */
		EA4DB36C1F55F41000D209FB /* Build configuration list for PBXProject "ResQ Center" */ = {
			isa = XCConfigurationList;
			buildConfigurations = (
				EA4DB3811F55F41000D209FB /* Debug */,
				EA4DB3821F55F41000D209FB /* Release */,
			);
			defaultConfigurationIsVisible = 0;
			defaultConfigurationName = Release;
		};
		EA4DB3831F55F41000D209FB /* Build configuration list for PBXNativeTarget "ResQ Center" */ = {
			isa = XCConfigurationList;
			buildConfigurations = (
				EA4DB3841F55F41000D209FB /* Debug */,
				EA4DB3851F55F41000D209FB /* Release */,
			);
			defaultConfigurationIsVisible = 0;
			defaultConfigurationName = Release;
		};
/* End XCConfigurationList section */
	};
	rootObject = EA4DB3691F55F41000D209FB /* Project object */;
}
